
Microsoft Visual Studio Solution File, Format Version 12.00
# Visual Studio 15
VisualStudioVersion = 15.0.28010.2050
MinimumVisualStudioVersion = 10.0.40219.1
Project("{9A19103F-16F7-4668-BE54-9A1E7A4F7556}") = "BigFloat.Core", "BigFloat.Core.csproj", "{9C30ECE4-C16E-4243-8EB8-F7E297D734EA}"
EndProject
Project("{FAE04EC0-301F-11D3-BF4B-00C04F79EFBC}") = "BigFloat.UnitTest", "BigFloat.UnitTest\BigFloat.UnitTest.csproj", "{DF45C491-1AC9-4DF7-9370-BCAC1C2EFD2E}"
EndProject
Global
	GlobalSection(SolutionConfigurationPlatforms) = preSolution
		Debug|Any CPU = Debug|Any CPU
		Release|Any CPU = Release|Any CPU
	EndGlobalSection
	GlobalSection(ProjectConfigurationPlatforms) = postSolution
		{9C30ECE4-C16E-4243-8EB8-F7E297D734EA}.Debug|Any CPU.ActiveCfg = Debug|Any CPU
		{9C30ECE4-C16E-4243-8EB8-F7E297D734EA}.Debug|Any CPU.Build.0 = Debug|Any CPU
		{9C30ECE4-C16E-4243-8EB8-F7E297D734EA}.Release|Any CPU.ActiveCfg = Release|Any CPU
		{9C30ECE4-C16E-4243-8EB8-F7E297D734EA}.Release|Any CPU.Build.0 = Release|Any CPU
		{DF45C491-1AC9-4DF7-9370-BCAC1C2EFD2E}.Debug|Any CPU.ActiveCfg = Debug|Any CPU
		{DF45C491-1AC9-4DF7-9370-BCAC1C2EFD2E}.Debug|Any CPU.Build.0 = Debug|Any CPU
		{DF45C491-1AC9-4DF7-9370-BCAC1C2EFD2E}.Release|Any CPU.ActiveCfg = Release|Any CPU
		{DF45C491-1AC9-4DF7-9370-BCAC1C2EFD2E}.Release|Any CPU.Build.0 = Release|Any CPU
	EndGlobalSection
	GlobalSection(SolutionProperties) = preSolution
		HideSolutionNode = FALSE
	EndGlobalSection
	GlobalSection(ExtensibilityGlobals) = postSolution
		SolutionGuid = {8F3724A8-EE74-40E9-808A-43A5A3BD68E1}
	EndGlobalSection
EndGlobal
